// !$*UTF8*$!
{
	archiveVersion = 1;
	classes = {
	};
	objectVersion = 56;
	objects = {

/* Begin PBXBuildFile section */
		51848E842AA7FC1D00F5D3EA /* SDKNetworkLogger.swift in Sources */ = {isa = PBXBuildFile; fileRef = 51848E832AA7FC1D00F5D3EA /* SDKNetworkLogger.swift */; };
		97CB05B82AA4CD1C004A5B67 /* ThemeComponentModel.swift in Sources */ = {isa = PBXBuildFile; fileRef = 97CB05B72AA4CD1C004A5B67 /* ThemeComponentModel.swift */; };
		97CB05BA2AA4CD8A004A5B67 /* ThemeComponentByIdModel.swift in Sources */ = {isa = PBXBuildFile; fileRef = 97CB05B92AA4CD8A004A5B67 /* ThemeComponentByIdModel.swift */; };
		97CB05BC2AA4CDB4004A5B67 /* ThemeComponentProvider.swift in Sources */ = {isa = PBXBuildFile; fileRef = 97CB05BB2AA4CDB4004A5B67 /* ThemeComponentProvider.swift */; };
		97D436072AA3957C005C81E6 /* ThemeProvider.swift in Sources */ = {isa = PBXBuildFile; fileRef = 97D436062AA3957C005C81E6 /* ThemeProvider.swift */; };
		97D436092AA395D4005C81E6 /* ThemeModel.swift in Sources */ = {isa = PBXBuildFile; fileRef = 97D436082AA395D4005C81E6 /* ThemeModel.swift */; };
		97D4360C2AA3969F005C81E6 /* Constants.swift in Sources */ = {isa = PBXBuildFile; fileRef = 97D4360B2AA3969F005C81E6 /* Constants.swift */; };
		97D4360E2AA3A481005C81E6 /* ThemeByIdModel.swift in Sources */ = {isa = PBXBuildFile; fileRef = 97D4360D2AA3A481005C81E6 /* ThemeByIdModel.swift */; };
		B0E939982A9DEB8400413C3E /* AppDelegate.swift in Sources */ = {isa = PBXBuildFile; fileRef = B0E939972A9DEB8400413C3E /* AppDelegate.swift */; };
		B0E9399A2A9DEB8400413C3E /* SceneDelegate.swift in Sources */ = {isa = PBXBuildFile; fileRef = B0E939992A9DEB8400413C3E /* SceneDelegate.swift */; };
		B0E9399C2A9DEB8400413C3E /* ViewController.swift in Sources */ = {isa = PBXBuildFile; fileRef = B0E9399B2A9DEB8400413C3E /* ViewController.swift */; };
		B0E9399F2A9DEB8400413C3E /* Main.storyboard in Resources */ = {isa = PBXBuildFile; fileRef = B0E9399D2A9DEB8400413C3E /* Main.storyboard */; };
		B0E939A12A9DEB8A00413C3E /* Assets.xcassets in Resources */ = {isa = PBXBuildFile; fileRef = B0E939A02A9DEB8A00413C3E /* Assets.xcassets */; };
		B0E939A42A9DEB8A00413C3E /* LaunchScreen.storyboard in Resources */ = {isa = PBXBuildFile; fileRef = B0E939A22A9DEB8A00413C3E /* LaunchScreen.storyboard */; };
		B0E939AF2A9DEB8B00413C3E /* SDKNetworkTests.swift in Sources */ = {isa = PBXBuildFile; fileRef = B0E939AE2A9DEB8B00413C3E /* SDKNetworkTests.swift */; };
		B0E939B92A9DEB8B00413C3E /* SDKNetworkUITests.swift in Sources */ = {isa = PBXBuildFile; fileRef = B0E939B82A9DEB8B00413C3E /* SDKNetworkUITests.swift */; };
		B0E939BB2A9DEB8B00413C3E /* SDKNetworkUITestsLaunchTests.swift in Sources */ = {isa = PBXBuildFile; fileRef = B0E939BA2A9DEB8B00413C3E /* SDKNetworkUITestsLaunchTests.swift */; };
		B0E939D92A9E07B400413C3E /* Endpoint.swift in Sources */ = {isa = PBXBuildFile; fileRef = B0E939D82A9E07B400413C3E /* Endpoint.swift */; };
		B0E939DB2A9E07D300413C3E /* RequestBuilder.swift in Sources */ = {isa = PBXBuildFile; fileRef = B0E939DA2A9E07D300413C3E /* RequestBuilder.swift */; };
		B0E939DD2A9E07F300413C3E /* NetworkError.swift in Sources */ = {isa = PBXBuildFile; fileRef = B0E939DC2A9E07F300413C3E /* NetworkError.swift */; };
		B0E939DF2A9E081200413C3E /* NetworkService.swift in Sources */ = {isa = PBXBuildFile; fileRef = B0E939DE2A9E081200413C3E /* NetworkService.swift */; };
/* End PBXBuildFile section */

/* Begin PBXContainerItemProxy section */
		B0E939AB2A9DEB8B00413C3E /* PBXContainerItemProxy */ = {
			isa = PBXContainerItemProxy;
			containerPortal = B0E9398C2A9DEB8400413C3E /* Project object */;
			proxyType = 1;
			remoteGlobalIDString = B0E939932A9DEB8400413C3E;
			remoteInfo = SDKNetwork;
		};
		B0E939B52A9DEB8B00413C3E /* PBXContainerItemProxy */ = {
			isa = PBXContainerItemProxy;
			containerPortal = B0E9398C2A9DEB8400413C3E /* Project object */;
			proxyType = 1;
			remoteGlobalIDString = B0E939932A9DEB8400413C3E;
			remoteInfo = SDKNetwork;
		};
/* End PBXContainerItemProxy section */

/* Begin PBXFileReference section */
		51848E832AA7FC1D00F5D3EA /* SDKNetworkLogger.swift */ = {isa = PBXFileReference; lastKnownFileType = sourcecode.swift; path = SDKNetworkLogger.swift; sourceTree = "<group>"; };
		97CB05B72AA4CD1C004A5B67 /* ThemeComponentModel.swift */ = {isa = PBXFileReference; lastKnownFileType = sourcecode.swift; path = ThemeComponentModel.swift; sourceTree = "<group>"; };
		97CB05B92AA4CD8A004A5B67 /* ThemeComponentByIdModel.swift */ = {isa = PBXFileReference; lastKnownFileType = sourcecode.swift; path = ThemeComponentByIdModel.swift; sourceTree = "<group>"; };
		97CB05BB2AA4CDB4004A5B67 /* ThemeComponentProvider.swift */ = {isa = PBXFileReference; lastKnownFileType = sourcecode.swift; path = ThemeComponentProvider.swift; sourceTree = "<group>"; };
		97D436062AA3957C005C81E6 /* ThemeProvider.swift */ = {isa = PBXFileReference; lastKnownFileType = sourcecode.swift; path = ThemeProvider.swift; sourceTree = "<group>"; };
		97D436082AA395D4005C81E6 /* ThemeModel.swift */ = {isa = PBXFileReference; lastKnownFileType = sourcecode.swift; path = ThemeModel.swift; sourceTree = "<group>"; };
		97D4360B2AA3969F005C81E6 /* Constants.swift */ = {isa = PBXFileReference; lastKnownFileType = sourcecode.swift; path = Constants.swift; sourceTree = "<group>"; };
		97D4360D2AA3A481005C81E6 /* ThemeByIdModel.swift */ = {isa = PBXFileReference; lastKnownFileType = sourcecode.swift; path = ThemeByIdModel.swift; sourceTree = "<group>"; };
		B0D7131D2AABE77C00C4967B /* SDKNetwork.podspec */ = {isa = PBXFileReference; lastKnownFileType = file; path = SDKNetwork.podspec; sourceTree = "<group>"; };
		B0E939942A9DEB8400413C3E /* SDKNetwork.app */ = {isa = PBXFileReference; explicitFileType = wrapper.application; includeInIndex = 0; path = SDKNetwork.app; sourceTree = BUILT_PRODUCTS_DIR; };
		B0E939972A9DEB8400413C3E /* AppDelegate.swift */ = {isa = PBXFileReference; lastKnownFileType = sourcecode.swift; path = AppDelegate.swift; sourceTree = "<group>"; };
		B0E939992A9DEB8400413C3E /* SceneDelegate.swift */ = {isa = PBXFileReference; lastKnownFileType = sourcecode.swift; path = SceneDelegate.swift; sourceTree = "<group>"; };
		B0E9399B2A9DEB8400413C3E /* ViewController.swift */ = {isa = PBXFileReference; lastKnownFileType = sourcecode.swift; path = ViewController.swift; sourceTree = "<group>"; };
		B0E9399E2A9DEB8400413C3E /* Base */ = {isa = PBXFileReference; lastKnownFileType = file.storyboard; name = Base; path = Base.lproj/Main.storyboard; sourceTree = "<group>"; };
		B0E939A02A9DEB8A00413C3E /* Assets.xcassets */ = {isa = PBXFileReference; lastKnownFileType = folder.assetcatalog; path = Assets.xcassets; sourceTree = "<group>"; };
		B0E939A32A9DEB8A00413C3E /* Base */ = {isa = PBXFileReference; lastKnownFileType = file.storyboard; name = Base; path = Base.lproj/LaunchScreen.storyboard; sourceTree = "<group>"; };
		B0E939A52A9DEB8A00413C3E /* Info.plist */ = {isa = PBXFileReference; lastKnownFileType = text.plist.xml; path = Info.plist; sourceTree = "<group>"; };
		B0E939AA2A9DEB8B00413C3E /* SDKNetworkTests.xctest */ = {isa = PBXFileReference; explicitFileType = wrapper.cfbundle; includeInIndex = 0; path = SDKNetworkTests.xctest; sourceTree = BUILT_PRODUCTS_DIR; };
		B0E939AE2A9DEB8B00413C3E /* SDKNetworkTests.swift */ = {isa = PBXFileReference; lastKnownFileType = sourcecode.swift; path = SDKNetworkTests.swift; sourceTree = "<group>"; };
		B0E939B42A9DEB8B00413C3E /* SDKNetworkUITests.xctest */ = {isa = PBXFileReference; explicitFileType = wrapper.cfbundle; includeInIndex = 0; path = SDKNetworkUITests.xctest; sourceTree = BUILT_PRODUCTS_DIR; };
		B0E939B82A9DEB8B00413C3E /* SDKNetworkUITests.swift */ = {isa = PBXFileReference; lastKnownFileType = sourcecode.swift; path = SDKNetworkUITests.swift; sourceTree = "<group>"; };
		B0E939BA2A9DEB8B00413C3E /* SDKNetworkUITestsLaunchTests.swift */ = {isa = PBXFileReference; lastKnownFileType = sourcecode.swift; path = SDKNetworkUITestsLaunchTests.swift; sourceTree = "<group>"; };
		B0E939D82A9E07B400413C3E /* Endpoint.swift */ = {isa = PBXFileReference; lastKnownFileType = sourcecode.swift; path = Endpoint.swift; sourceTree = "<group>"; };
		B0E939DA2A9E07D300413C3E /* RequestBuilder.swift */ = {isa = PBXFileReference; lastKnownFileType = sourcecode.swift; path = RequestBuilder.swift; sourceTree = "<group>"; };
		B0E939DC2A9E07F300413C3E /* NetworkError.swift */ = {isa = PBXFileReference; lastKnownFileType = sourcecode.swift; path = NetworkError.swift; sourceTree = "<group>"; };
		B0E939DE2A9E081200413C3E /* NetworkService.swift */ = {isa = PBXFileReference; lastKnownFileType = sourcecode.swift; path = NetworkService.swift; sourceTree = "<group>"; };
/* End PBXFileReference section */

/* Begin PBXFrameworksBuildPhase section */
		B0E939912A9DEB8400413C3E /* Frameworks */ = {
			isa = PBXFrameworksBuildPhase;
			buildActionMask = 2147483647;
			files = (
			);
			runOnlyForDeploymentPostprocessing = 0;
		};
		B0E939A72A9DEB8B00413C3E /* Frameworks */ = {
			isa = PBXFrameworksBuildPhase;
			buildActionMask = 2147483647;
			files = (
			);
			runOnlyForDeploymentPostprocessing = 0;
		};
		B0E939B12A9DEB8B00413C3E /* Frameworks */ = {
			isa = PBXFrameworksBuildPhase;
			buildActionMask = 2147483647;
			files = (
			);
			runOnlyForDeploymentPostprocessing = 0;
		};
/* End PBXFrameworksBuildPhase section */

/* Begin PBXGroup section */
		51848E822AA7FBDF00F5D3EA /* Logger */ = {
			isa = PBXGroup;
			children = (
				51848E832AA7FC1D00F5D3EA /* SDKNetworkLogger.swift */,
			);
			path = Logger;
			sourceTree = "<group>";
		};
		973A0ACA2AA6A15F00FA547E /* Models */ = {
			isa = PBXGroup;
			children = (
				97D436082AA395D4005C81E6 /* ThemeModel.swift */,
				97D4360D2AA3A481005C81E6 /* ThemeByIdModel.swift */,
				97CB05B72AA4CD1C004A5B67 /* ThemeComponentModel.swift */,
				97CB05B92AA4CD8A004A5B67 /* ThemeComponentByIdModel.swift */,
			);
			path = Models;
			sourceTree = "<group>";
		};
		97D4360A2AA39631005C81E6 /* Helpers */ = {
			isa = PBXGroup;
			children = (
				97D4360B2AA3969F005C81E6 /* Constants.swift */,
			);
			path = Helpers;
			sourceTree = "<group>";
		};
		B0E9398B2A9DEB8400413C3E = {
			isa = PBXGroup;
			children = (
				B0E939962A9DEB8400413C3E /* SDKNetwork */,
				B0E939AD2A9DEB8B00413C3E /* SDKNetworkTests */,
				B0E939B72A9DEB8B00413C3E /* SDKNetworkUITests */,
				B0E939952A9DEB8400413C3E /* Products */,
			);
			sourceTree = "<group>";
		};
		B0E939952A9DEB8400413C3E /* Products */ = {
			isa = PBXGroup;
			children = (
				B0E939942A9DEB8400413C3E /* SDKNetwork.app */,
				B0E939AA2A9DEB8B00413C3E /* SDKNetworkTests.xctest */,
				B0E939B42A9DEB8B00413C3E /* SDKNetworkUITests.xctest */,
			);
			name = Products;
			sourceTree = "<group>";
		};
		B0E939962A9DEB8400413C3E /* SDKNetwork */ = {
			isa = PBXGroup;
			children = (
				B0E939D52A9E078900413C3E /* API */,
				B0E939972A9DEB8400413C3E /* AppDelegate.swift */,
				B0E939992A9DEB8400413C3E /* SceneDelegate.swift */,
				B0E9399B2A9DEB8400413C3E /* ViewController.swift */,
				B0E9399D2A9DEB8400413C3E /* Main.storyboard */,
				B0E939A02A9DEB8A00413C3E /* Assets.xcassets */,
				B0E939A22A9DEB8A00413C3E /* LaunchScreen.storyboard */,
				B0D7131D2AABE77C00C4967B /* SDKNetwork.podspec */,
				B0E939A52A9DEB8A00413C3E /* Info.plist */,
			);
			path = SDKNetwork;
			sourceTree = "<group>";
		};
		B0E939AD2A9DEB8B00413C3E /* SDKNetworkTests */ = {
			isa = PBXGroup;
			children = (
				B0E939AE2A9DEB8B00413C3E /* SDKNetworkTests.swift */,
			);
			path = SDKNetworkTests;
			sourceTree = "<group>";
		};
		B0E939B72A9DEB8B00413C3E /* SDKNetworkUITests */ = {
			isa = PBXGroup;
			children = (
				B0E939B82A9DEB8B00413C3E /* SDKNetworkUITests.swift */,
				B0E939BA2A9DEB8B00413C3E /* SDKNetworkUITestsLaunchTests.swift */,
			);
			path = SDKNetworkUITests;
			sourceTree = "<group>";
		};
		B0E939D52A9E078900413C3E /* API */ = {
			isa = PBXGroup;
			children = (
				51848E822AA7FBDF00F5D3EA /* Logger */,
				973A0ACA2AA6A15F00FA547E /* Models */,
				97D4360A2AA39631005C81E6 /* Helpers */,
				B0E939D72A9E07A300413C3E /* Provider */,
				B0E939D62A9E079800413C3E /* Service */,
			);
			path = API;
			sourceTree = "<group>";
		};
		B0E939D62A9E079800413C3E /* Service */ = {
			isa = PBXGroup;
			children = (
				B0E939D82A9E07B400413C3E /* Endpoint.swift */,
				B0E939DA2A9E07D300413C3E /* RequestBuilder.swift */,
				B0E939DC2A9E07F300413C3E /* NetworkError.swift */,
				B0E939DE2A9E081200413C3E /* NetworkService.swift */,
			);
			path = Service;
			sourceTree = "<group>";
		};
		B0E939D72A9E07A300413C3E /* Provider */ = {
			isa = PBXGroup;
			children = (
				97CB05BB2AA4CDB4004A5B67 /* ThemeComponentProvider.swift */,
				97D436062AA3957C005C81E6 /* ThemeProvider.swift */,
			);
			path = Provider;
			sourceTree = "<group>";
		};
/* End PBXGroup section */

/* Begin PBXNativeTarget section */
		B0E939932A9DEB8400413C3E /* SDKNetwork */ = {
			isa = PBXNativeTarget;
			buildConfigurationList = B0E939BE2A9DEB8B00413C3E /* Build configuration list for PBXNativeTarget "SDKNetwork" */;
			buildPhases = (
				B0E939902A9DEB8400413C3E /* Sources */,
				B0E939912A9DEB8400413C3E /* Frameworks */,
				B0E939922A9DEB8400413C3E /* Resources */,
			);
			buildRules = (
			);
			dependencies = (
			);
			name = SDKNetwork;
			productName = SDKNetwork;
			productReference = B0E939942A9DEB8400413C3E /* SDKNetwork.app */;
			productType = "com.apple.product-type.application";
		};
		B0E939A92A9DEB8B00413C3E /* SDKNetworkTests */ = {
			isa = PBXNativeTarget;
			buildConfigurationList = B0E939C12A9DEB8B00413C3E /* Build configuration list for PBXNativeTarget "SDKNetworkTests" */;
			buildPhases = (
				B0E939A62A9DEB8B00413C3E /* Sources */,
				B0E939A72A9DEB8B00413C3E /* Frameworks */,
				B0E939A82A9DEB8B00413C3E /* Resources */,
			);
			buildRules = (
			);
			dependencies = (
				B0E939AC2A9DEB8B00413C3E /* PBXTargetDependency */,
			);
			name = SDKNetworkTests;
			productName = SDKNetworkTests;
			productReference = B0E939AA2A9DEB8B00413C3E /* SDKNetworkTests.xctest */;
			productType = "com.apple.product-type.bundle.unit-test";
		};
		B0E939B32A9DEB8B00413C3E /* SDKNetworkUITests */ = {
			isa = PBXNativeTarget;
			buildConfigurationList = B0E939C42A9DEB8B00413C3E /* Build configuration list for PBXNativeTarget "SDKNetworkUITests" */;
			buildPhases = (
				B0E939B02A9DEB8B00413C3E /* Sources */,
				B0E939B12A9DEB8B00413C3E /* Frameworks */,
				B0E939B22A9DEB8B00413C3E /* Resources */,
			);
			buildRules = (
			);
			dependencies = (
				B0E939B62A9DEB8B00413C3E /* PBXTargetDependency */,
			);
			name = SDKNetworkUITests;
			productName = SDKNetworkUITests;
			productReference = B0E939B42A9DEB8B00413C3E /* SDKNetworkUITests.xctest */;
			productType = "com.apple.product-type.bundle.ui-testing";
		};
/* End PBXNativeTarget section */

/* Begin PBXProject section */
		B0E9398C2A9DEB8400413C3E /* Project object */ = {
			isa = PBXProject;
			attributes = {
				BuildIndependentTargetsInParallel = 1;
				LastSwiftUpdateCheck = 1500;
				LastUpgradeCheck = 1500;
				TargetAttributes = {
					B0E939932A9DEB8400413C3E = {
						CreatedOnToolsVersion = 15.0;
					};
					B0E939A92A9DEB8B00413C3E = {
						CreatedOnToolsVersion = 15.0;
						TestTargetID = B0E939932A9DEB8400413C3E;
					};
					B0E939B32A9DEB8B00413C3E = {
						CreatedOnToolsVersion = 15.0;
						TestTargetID = B0E939932A9DEB8400413C3E;
					};
				};
			};
			buildConfigurationList = B0E9398F2A9DEB8400413C3E /* Build configuration list for PBXProject "SDKNetwork" */;
			compatibilityVersion = "Xcode 14.0";
			developmentRegion = en;
			hasScannedForEncodings = 0;
			knownRegions = (
				en,
				Base,
			);
			mainGroup = B0E9398B2A9DEB8400413C3E;
			productRefGroup = B0E939952A9DEB8400413C3E /* Products */;
			projectDirPath = "";
			projectRoot = "";
			targets = (
				B0E939932A9DEB8400413C3E /* SDKNetwork */,
				B0E939A92A9DEB8B00413C3E /* SDKNetworkTests */,
				B0E939B32A9DEB8B00413C3E /* SDKNetworkUITests */,
			);
		};
/* End PBXProject section */

/* Begin PBXResourcesBuildPhase section */
		B0E939922A9DEB8400413C3E /* Resources */ = {
			isa = PBXResourcesBuildPhase;
			buildActionMask = 2147483647;
			files = (
				B0E939A42A9DEB8A00413C3E /* LaunchScreen.storyboard in Resources */,
				B0E939A12A9DEB8A00413C3E /* Assets.xcassets in Resources */,
				B0E9399F2A9DEB8400413C3E /* Main.storyboard in Resources */,
			);
			runOnlyForDeploymentPostprocessing = 0;
		};
		B0E939A82A9DEB8B00413C3E /* Resources */ = {
			isa = PBXResourcesBuildPhase;
			buildActionMask = 2147483647;
			files = (
			);
			runOnlyForDeploymentPostprocessing = 0;
		};
		B0E939B22A9DEB8B00413C3E /* Resources */ = {
			isa = PBXResourcesBuildPhase;
			buildActionMask = 2147483647;
			files = (
			);
			runOnlyForDeploymentPostprocessing = 0;
		};
/* End PBXResourcesBuildPhase section */

/* Begin PBXSourcesBuildPhase section */
		B0E939902A9DEB8400413C3E /* Sources */ = {
			isa = PBXSourcesBuildPhase;
			buildActionMask = 2147483647;
			files = (
				B0E939DB2A9E07D300413C3E /* RequestBuilder.swift in Sources */,
				97D4360E2AA3A481005C81E6 /* ThemeByIdModel.swift in Sources */,
				97CB05BC2AA4CDB4004A5B67 /* ThemeComponentProvider.swift in Sources */,
				51848E842AA7FC1D00F5D3EA /* SDKNetworkLogger.swift in Sources */,
				B0E9399C2A9DEB8400413C3E /* ViewController.swift in Sources */,
				97CB05B82AA4CD1C004A5B67 /* ThemeComponentModel.swift in Sources */,
				B0E939982A9DEB8400413C3E /* AppDelegate.swift in Sources */,
				B0E939DD2A9E07F300413C3E /* NetworkError.swift in Sources */,
				97D436072AA3957C005C81E6 /* ThemeProvider.swift in Sources */,
				97D4360C2AA3969F005C81E6 /* Constants.swift in Sources */,
				B0E939D92A9E07B400413C3E /* Endpoint.swift in Sources */,
				97CB05BA2AA4CD8A004A5B67 /* ThemeComponentByIdModel.swift in Sources */,
				97D436092AA395D4005C81E6 /* ThemeModel.swift in Sources */,
				B0E9399A2A9DEB8400413C3E /* SceneDelegate.swift in Sources */,
				B0E939DF2A9E081200413C3E /* NetworkService.swift in Sources */,
			);
			runOnlyForDeploymentPostprocessing = 0;
		};
		B0E939A62A9DEB8B00413C3E /* Sources */ = {
			isa = PBXSourcesBuildPhase;
			buildActionMask = 2147483647;
			files = (
				B0E939AF2A9DEB8B00413C3E /* SDKNetworkTests.swift in Sources */,
			);
			runOnlyForDeploymentPostprocessing = 0;
		};
		B0E939B02A9DEB8B00413C3E /* Sources */ = {
			isa = PBXSourcesBuildPhase;
			buildActionMask = 2147483647;
			files = (
				B0E939BB2A9DEB8B00413C3E /* SDKNetworkUITestsLaunchTests.swift in Sources */,
				B0E939B92A9DEB8B00413C3E /* SDKNetworkUITests.swift in Sources */,
			);
			runOnlyForDeploymentPostprocessing = 0;
		};
/* End PBXSourcesBuildPhase section */

/* Begin PBXTargetDependency section */
		B0E939AC2A9DEB8B00413C3E /* PBXTargetDependency */ = {
			isa = PBXTargetDependency;
			target = B0E939932A9DEB8400413C3E /* SDKNetwork */;
			targetProxy = B0E939AB2A9DEB8B00413C3E /* PBXContainerItemProxy */;
		};
		B0E939B62A9DEB8B00413C3E /* PBXTargetDependency */ = {
			isa = PBXTargetDependency;
			target = B0E939932A9DEB8400413C3E /* SDKNetwork */;
			targetProxy = B0E939B52A9DEB8B00413C3E /* PBXContainerItemProxy */;
		};
/* End PBXTargetDependency section */

/* Begin PBXVariantGroup section */
		B0E9399D2A9DEB8400413C3E /* Main.storyboard */ = {
			isa = PBXVariantGroup;
			children = (
				B0E9399E2A9DEB8400413C3E /* Base */,
			);
			name = Main.storyboard;
			sourceTree = "<group>";
		};
		B0E939A22A9DEB8A00413C3E /* LaunchScreen.storyboard */ = {
			isa = PBXVariantGroup;
			children = (
				B0E939A32A9DEB8A00413C3E /* Base */,
			);
			name = LaunchScreen.storyboard;
			sourceTree = "<group>";
		};
/* End PBXVariantGroup section */

/* Begin XCBuildConfiguration section */
		B0E939BC2A9DEB8B00413C3E /* Debug */ = {
			isa = XCBuildConfiguration;
			buildSettings = {
				ALWAYS_SEARCH_USER_PATHS = NO;
				ASSETCATALOG_COMPILER_GENERATE_SWIFT_ASSET_SYMBOL_EXTENSIONS = YES;
				CLANG_ANALYZER_NONNULL = YES;
				CLANG_ANALYZER_NUMBER_OBJECT_CONVERSION = YES_AGGRESSIVE;
				CLANG_CXX_LANGUAGE_STANDARD = "gnu++20";
				CLANG_ENABLE_MODULES = YES;
				CLANG_ENABLE_OBJC_ARC = YES;
				CLANG_ENABLE_OBJC_WEAK = YES;
				CLANG_WARN_BLOCK_CAPTURE_AUTORELEASING = YES;
				CLANG_WARN_BOOL_CONVERSION = YES;
				CLANG_WARN_COMMA = YES;
				CLANG_WARN_CONSTANT_CONVERSION = YES;
				CLANG_WARN_DEPRECATED_OBJC_IMPLEMENTATIONS = YES;
				CLANG_WARN_DIRECT_OBJC_ISA_USAGE = YES_ERROR;
				CLANG_WARN_DOCUMENTATION_COMMENTS = YES;
				CLANG_WARN_EMPTY_BODY = YES;
				CLANG_WARN_ENUM_CONVERSION = YES;
				CLANG_WARN_INFINITE_RECURSION = YES;
				CLANG_WARN_INT_CONVERSION = YES;
				CLANG_WARN_NON_LITERAL_NULL_CONVERSION = YES;
				CLANG_WARN_OBJC_IMPLICIT_RETAIN_SELF = YES;
				CLANG_WARN_OBJC_LITERAL_CONVERSION = YES;
				CLANG_WARN_OBJC_ROOT_CLASS = YES_ERROR;
				CLANG_WARN_QUOTED_INCLUDE_IN_FRAMEWORK_HEADER = YES;
				CLANG_WARN_RANGE_LOOP_ANALYSIS = YES;
				CLANG_WARN_STRICT_PROTOTYPES = YES;
				CLANG_WARN_SUSPICIOUS_MOVE = YES;
				CLANG_WARN_UNGUARDED_AVAILABILITY = YES_AGGRESSIVE;
				CLANG_WARN_UNREACHABLE_CODE = YES;
				CLANG_WARN__DUPLICATE_METHOD_MATCH = YES;
				COPY_PHASE_STRIP = NO;
				DEBUG_INFORMATION_FORMAT = dwarf;
				ENABLE_STRICT_OBJC_MSGSEND = YES;
				ENABLE_TESTABILITY = YES;
				ENABLE_USER_SCRIPT_SANDBOXING = YES;
				GCC_C_LANGUAGE_STANDARD = gnu17;
				GCC_DYNAMIC_NO_PIC = NO;
				GCC_NO_COMMON_BLOCKS = YES;
				GCC_OPTIMIZATION_LEVEL = 0;
				GCC_PREPROCESSOR_DEFINITIONS = (
					"DEBUG=1",
					"$(inherited)",
				);
				GCC_WARN_64_TO_32_BIT_CONVERSION = YES;
				GCC_WARN_ABOUT_RETURN_TYPE = YES_ERROR;
				GCC_WARN_UNDECLARED_SELECTOR = YES;
				GCC_WARN_UNINITIALIZED_AUTOS = YES_AGGRESSIVE;
				GCC_WARN_UNUSED_FUNCTION = YES;
				GCC_WARN_UNUSED_VARIABLE = YES;
				IPHONEOS_DEPLOYMENT_TARGET = 17.0;
				LOCALIZATION_PREFERS_STRING_CATALOGS = YES;
				MTL_ENABLE_DEBUG_INFO = INCLUDE_SOURCE;
				MTL_FAST_MATH = YES;
				ONLY_ACTIVE_ARCH = YES;
				SDKROOT = iphoneos;
				SWIFT_ACTIVE_COMPILATION_CONDITIONS = "DEBUG $(inherited)";
				SWIFT_OPTIMIZATION_LEVEL = "-Onone";
			};
			name = Debug;
		};
		B0E939BD2A9DEB8B00413C3E /* Release */ = {
			isa = XCBuildConfiguration;
			buildSettings = {
				ALWAYS_SEARCH_USER_PATHS = NO;
				ASSETCATALOG_COMPILER_GENERATE_SWIFT_ASSET_SYMBOL_EXTENSIONS = YES;
				CLANG_ANALYZER_NONNULL = YES;
				CLANG_ANALYZER_NUMBER_OBJECT_CONVERSION = YES_AGGRESSIVE;
				CLANG_CXX_LANGUAGE_STANDARD = "gnu++20";
				CLANG_ENABLE_MODULES = YES;
				CLANG_ENABLE_OBJC_ARC = YES;
				CLANG_ENABLE_OBJC_WEAK = YES;
				CLANG_WARN_BLOCK_CAPTURE_AUTORELEASING = YES;
				CLANG_WARN_BOOL_CONVERSION = YES;
				CLANG_WARN_COMMA = YES;
				CLANG_WARN_CONSTANT_CONVERSION = YES;
				CLANG_WARN_DEPRECATED_OBJC_IMPLEMENTATIONS = YES;
				CLANG_WARN_DIRECT_OBJC_ISA_USAGE = YES_ERROR;
				CLANG_WARN_DOCUMENTATION_COMMENTS = YES;
				CLANG_WARN_EMPTY_BODY = YES;
				CLANG_WARN_ENUM_CONVERSION = YES;
				CLANG_WARN_INFINITE_RECURSION = YES;
				CLANG_WARN_INT_CONVERSION = YES;
				CLANG_WARN_NON_LITERAL_NULL_CONVERSION = YES;
				CLANG_WARN_OBJC_IMPLICIT_RETAIN_SELF = YES;
				CLANG_WARN_OBJC_LITERAL_CONVERSION = YES;
				CLANG_WARN_OBJC_ROOT_CLASS = YES_ERROR;
				CLANG_WARN_QUOTED_INCLUDE_IN_FRAMEWORK_HEADER = YES;
				CLANG_WARN_RANGE_LOOP_ANALYSIS = YES;
				CLANG_WARN_STRICT_PROTOTYPES = YES;
				CLANG_WARN_SUSPICIOUS_MOVE = YES;
				CLANG_WARN_UNGUARDED_AVAILABILITY = YES_AGGRESSIVE;
				CLANG_WARN_UNREACHABLE_CODE = YES;
				CLANG_WARN__DUPLICATE_METHOD_MATCH = YES;
				COPY_PHASE_STRIP = NO;
				DEBUG_INFORMATION_FORMAT = "dwarf-with-dsym";
				ENABLE_NS_ASSERTIONS = NO;
				ENABLE_STRICT_OBJC_MSGSEND = YES;
				ENABLE_USER_SCRIPT_SANDBOXING = YES;
				GCC_C_LANGUAGE_STANDARD = gnu17;
				GCC_NO_COMMON_BLOCKS = YES;
				GCC_WARN_64_TO_32_BIT_CONVERSION = YES;
				GCC_WARN_ABOUT_RETURN_TYPE = YES_ERROR;
				GCC_WARN_UNDECLARED_SELECTOR = YES;
				GCC_WARN_UNINITIALIZED_AUTOS = YES_AGGRESSIVE;
				GCC_WARN_UNUSED_FUNCTION = YES;
				GCC_WARN_UNUSED_VARIABLE = YES;
				IPHONEOS_DEPLOYMENT_TARGET = 17.0;
				LOCALIZATION_PREFERS_STRING_CATALOGS = YES;
				MTL_ENABLE_DEBUG_INFO = NO;
				MTL_FAST_MATH = YES;
				SDKROOT = iphoneos;
				SWIFT_COMPILATION_MODE = wholemodule;
				VALIDATE_PRODUCT = YES;
			};
			name = Release;
		};
		B0E939BF2A9DEB8B00413C3E /* Debug */ = {
			isa = XCBuildConfiguration;
			buildSettings = {
				ASSETCATALOG_COMPILER_APPICON_NAME = AppIcon;
				ASSETCATALOG_COMPILER_GLOBAL_ACCENT_COLOR_NAME = AccentColor;
				CODE_SIGN_STYLE = Automatic;
				CURRENT_PROJECT_VERSION = 1;
				DEVELOPMENT_TEAM = N5S7W7FGTR;
				GENERATE_INFOPLIST_FILE = YES;
				INFOPLIST_FILE = SDKNetwork/Info.plist;
				INFOPLIST_KEY_UIApplicationSupportsIndirectInputEvents = YES;
				INFOPLIST_KEY_UILaunchStoryboardName = LaunchScreen;
				INFOPLIST_KEY_UIMainStoryboardFile = Main;
				INFOPLIST_KEY_UISupportedInterfaceOrientations_iPad = "UIInterfaceOrientationPortrait UIInterfaceOrientationPortraitUpsideDown UIInterfaceOrientationLandscapeLeft UIInterfaceOrientationLandscapeRight";
				INFOPLIST_KEY_UISupportedInterfaceOrientations_iPhone = "UIInterfaceOrientationPortrait UIInterfaceOrientationLandscapeLeft UIInterfaceOrientationLandscapeRight";
				IPHONEOS_DEPLOYMENT_TARGET = 14.0;
				LD_RUNPATH_SEARCH_PATHS = (
					"$(inherited)",
					"@executable_path/Frameworks",
				);
				MARKETING_VERSION = 1.0;
				PRODUCT_BUNDLE_IDENTIFIER = "br.com.alex-dll.SDKNetwork";
				PRODUCT_NAME = "$(TARGET_NAME)";
				SWIFT_EMIT_LOC_STRINGS = YES;
				SWIFT_VERSION = 5.0;
				TARGETED_DEVICE_FAMILY = "1,2";
			};
			name = Debug;
		};
		B0E939C02A9DEB8B00413C3E /* Release */ = {
			isa = XCBuildConfiguration;
			buildSettings = {
				ASSETCATALOG_COMPILER_APPICON_NAME = AppIcon;
				ASSETCATALOG_COMPILER_GLOBAL_ACCENT_COLOR_NAME = AccentColor;
				CODE_SIGN_STYLE = Automatic;
				CURRENT_PROJECT_VERSION = 1;
				DEVELOPMENT_TEAM = N5S7W7FGTR;
				GENERATE_INFOPLIST_FILE = YES;
				INFOPLIST_FILE = SDKNetwork/Info.plist;
				INFOPLIST_KEY_UIApplicationSupportsIndirectInputEvents = YES;
				INFOPLIST_KEY_UILaunchStoryboardName = LaunchScreen;
				INFOPLIST_KEY_UIMainStoryboardFile = Main;
				INFOPLIST_KEY_UISupportedInterfaceOrientations_iPad = "UIInterfaceOrientationPortrait UIInterfaceOrientationPortraitUpsideDown UIInterfaceOrientationLandscapeLeft UIInterfaceOrientationLandscapeRight";
				INFOPLIST_KEY_UISupportedInterfaceOrientations_iPhone = "UIInterfaceOrientationPortrait UIInterfaceOrientationLandscapeLeft UIInterfaceOrientationLandscapeRight";
				IPHONEOS_DEPLOYMENT_TARGET = 14.0;
				LD_RUNPATH_SEARCH_PATHS = (
					"$(inherited)",
					"@executable_path/Frameworks",
				);
				MARKETING_VERSION = 1.0;
				PRODUCT_BUNDLE_IDENTIFIER = "br.com.alex-dll.SDKNetwork";
				PRODUCT_NAME = "$(TARGET_NAME)";
				SWIFT_EMIT_LOC_STRINGS = YES;
				SWIFT_VERSION = 5.0;
				TARGETED_DEVICE_FAMILY = "1,2";
			};
			name = Release;
		};
		B0E939C22A9DEB8B00413C3E /* Debug */ = {
			isa = XCBuildConfiguration;
			buildSettings = {
				ALWAYS_EMBED_SWIFT_STANDARD_LIBRARIES = YES;
				BUNDLE_LOADER = "$(TEST_HOST)";
				CODE_SIGN_STYLE = Automatic;
				CURRENT_PROJECT_VERSION = 1;
				DEVELOPMENT_TEAM = N9WSHT9GA5;
				GENERATE_INFOPLIST_FILE = YES;
				IPHONEOS_DEPLOYMENT_TARGET = 17.0;
				MARKETING_VERSION = 1.0;
				PRODUCT_BUNDLE_IDENTIFIER = br.com.cesarsilva.SDKNetworkTests;
				PRODUCT_NAME = "$(TARGET_NAME)";
				SWIFT_EMIT_LOC_STRINGS = NO;
				SWIFT_VERSION = 5.0;
				TARGETED_DEVICE_FAMILY = "1,2";
				TEST_HOST = "$(BUILT_PRODUCTS_DIR)/SDKNetwork.app/$(BUNDLE_EXECUTABLE_FOLDER_PATH)/SDKNetwork";
			};
			name = Debug;
		};
		B0E939C32A9DEB8B00413C3E /* Release */ = {
			isa = XCBuildConfiguration;
			buildSettings = {
				ALWAYS_EMBED_SWIFT_STANDARD_LIBRARIES = YES;
				BUNDLE_LOADER = "$(TEST_HOST)";
				CODE_SIGN_STYLE = Automatic;
				CURRENT_PROJECT_VERSION = 1;
				DEVELOPMENT_TEAM = N9WSHT9GA5;
				GENERATE_INFOPLIST_FILE = YES;
				IPHONEOS_DEPLOYMENT_TARGET = 17.0;
				MARKETING_VERSION = 1.0;
				PRODUCT_BUNDLE_IDENTIFIER = br.com.cesarsilva.SDKNetworkTests;
				PRODUCT_NAME = "$(TARGET_NAME)";
				SWIFT_EMIT_LOC_STRINGS = NO;
				SWIFT_VERSION = 5.0;
				TARGETED_DEVICE_FAMILY = "1,2";
				TEST_HOST = "$(BUILT_PRODUCTS_DIR)/SDKNetwork.app/$(BUNDLE_EXECUTABLE_FOLDER_PATH)/SDKNetwork";
			};
			name = Release;
		};
		B0E939C52A9DEB8B00413C3E /* Debug */ = {
			isa = XCBuildConfiguration;
			buildSettings = {
				ALWAYS_EMBED_SWIFT_STANDARD_LIBRARIES = YES;
				CODE_SIGN_STYLE = Automatic;
				CURRENT_PROJECT_VERSION = 1;
				DEVELOPMENT_TEAM = N9WSHT9GA5;
				GENERATE_INFOPLIST_FILE = YES;
				MARKETING_VERSION = 1.0;
				PRODUCT_BUNDLE_IDENTIFIER = br.com.cesarsilva.SDKNetworkUITests;
				PRODUCT_NAME = "$(TARGET_NAME)";
				SWIFT_EMIT_LOC_STRINGS = NO;
				SWIFT_VERSION = 5.0;
				TARGETED_DEVICE_FAMILY = "1,2";
				TEST_TARGET_NAME = SDKNetwork;
			};
			name = Debug;
		};
		B0E939C62A9DEB8B00413C3E /* Release */ = {
			isa = XCBuildConfiguration;
			buildSettings = {
				ALWAYS_EMBED_SWIFT_STANDARD_LIBRARIES = YES;
				CODE_SIGN_STYLE = Automatic;
				CURRENT_PROJECT_VERSION = 1;
				DEVELOPMENT_TEAM = N9WSHT9GA5;
				GENERATE_INFOPLIST_FILE = YES;
				MARKETING_VERSION = 1.0;
				PRODUCT_BUNDLE_IDENTIFIER = br.com.cesarsilva.SDKNetworkUITests;
				PRODUCT_NAME = "$(TARGET_NAME)";
				SWIFT_EMIT_LOC_STRINGS = NO;
				SWIFT_VERSION = 5.0;
				TARGETED_DEVICE_FAMILY = "1,2";
				TEST_TARGET_NAME = SDKNetwork;
			};
			name = Release;
		};
/* End XCBuildConfiguration section */

/* Begin XCConfigurationList section */
		B0E9398F2A9DEB8400413C3E /* Build configuration list for PBXProject "SDKNetwork" */ = {
			isa = XCConfigurationList;
			buildConfigurations = (
				B0E939BC2A9DEB8B00413C3E /* Debug */,
				B0E939BD2A9DEB8B00413C3E /* Release */,
			);
			defaultConfigurationIsVisible = 0;
			defaultConfigurationName = Release;
		};
		B0E939BE2A9DEB8B00413C3E /* Build configuration list for PBXNativeTarget "SDKNetwork" */ = {
			isa = XCConfigurationList;
			buildConfigurations = (
				B0E939BF2A9DEB8B00413C3E /* Debug */,
				B0E939C02A9DEB8B00413C3E /* Release */,
			);
			defaultConfigurationIsVisible = 0;
			defaultConfigurationName = Release;
		};
		B0E939C12A9DEB8B00413C3E /* Build configuration list for PBXNativeTarget "SDKNetworkTests" */ = {
			isa = XCConfigurationList;
			buildConfigurations = (
				B0E939C22A9DEB8B00413C3E /* Debug */,
				B0E939C32A9DEB8B00413C3E /* Release */,
			);
			defaultConfigurationIsVisible = 0;
			defaultConfigurationName = Release;
		};
		B0E939C42A9DEB8B00413C3E /* Build configuration list for PBXNativeTarget "SDKNetworkUITests" */ = {
			isa = XCConfigurationList;
			buildConfigurations = (
				B0E939C52A9DEB8B00413C3E /* Debug */,
				B0E939C62A9DEB8B00413C3E /* Release */,
			);
			defaultConfigurationIsVisible = 0;
			defaultConfigurationName = Release;
		};
/* End XCConfigurationList section */
	};
	rootObject = B0E9398C2A9DEB8400413C3E /* Project object */;
}
